
Microsoft Visual Studio Solution File, Format Version 12.00
# Visual Studio Version 16
VisualStudioVersion = 16.0.29001.49
MinimumVisualStudioVersion = 10.0.40219.1
Project("{888888A0-9F3D-457C-B088-3A5042F75D52}") = "AllegroAS", "AllegroAS.pyproj", "{6F1AD7BD-3735-40DD-B98D-A23CCBDFB20B}"
EndProject
Global
	GlobalSection(SolutionConfigurationPlatforms) = preSolution
		Debug|Any CPU = Debug|Any CPU
		Release|Any CPU = Release|Any CPU
	EndGlobalSection
	GlobalSection(ProjectConfigurationPlatforms) = postSolution
		{6F1AD7BD-3735-40DD-B98D-A23CCBDFB20B}.Debug|Any CPU.ActiveCfg = Debug|Any CPU
		{6F1AD7BD-3735-40DD-B98D-A23CCBDFB20B}.Debug|Any CPU.Build.0 = Debug|Any CPU
		{6F1AD7BD-3735-40DD-B98D-A23CCBDFB20B}.Release|Any CPU.ActiveCfg = Release|Any CPU
		{6F1AD7BD-3735-40DD-B98D-A23CCBDFB20B}.Release|Any CPU.Build.0 = Release|Any CPU
	EndGlobalSection
	GlobalSection(SolutionProperties) = preSolution
		HideSolutionNode = FALSE
	EndGlobalSection
	GlobalSection(ExtensibilityGlobals) = postSolution
		SolutionGuid = {64BF8694-F06E-4FFD-A6CD-0290A5901ED3}
	EndGlobalSection
EndGlobal
